
Microsoft Visual Studio Solution File, Format Version 12.00
# Visual Studio Version 16
VisualStudioVersion = 16.0.31025.194
MinimumVisualStudioVersion = 10.0.40219.1
Project("{FAE04EC0-301F-11D3-BF4B-00C04F79EFBC}") = "POC", "POC\POC.csproj", "{11B521C3-A80C-476D-842D-3A15E0570D0B}"
EndProject
Global
	GlobalSection(SolutionConfigurationPlatforms) = preSolution
		Debug|Any CPU = Debug|Any CPU
		Release|Any CPU = Release|Any CPU
	EndGlobalSection
	GlobalSection(ProjectConfigurationPlatforms) = postSolution
		{11B521C3-A80C-476D-842D-3A15E0570D0B}.Debug|Any CPU.ActiveCfg = Debug|Any CPU
		{11B521C3-A80C-476D-842D-3A15E0570D0B}.Debug|Any CPU.Build.0 = Debug|Any CPU
		{11B521C3-A80C-476D-842D-3A15E0570D0B}.Release|Any CPU.ActiveCfg = Release|Any CPU
		{11B521C3-A80C-476D-842D-3A15E0570D0B}.Release|Any CPU.Build.0 = Release|Any CPU
	EndGlobalSection
	GlobalSection(SolutionProperties) = preSolution
		HideSolutionNode = FALSE
	EndGlobalSection
	GlobalSection(ExtensibilityGlobals) = postSolution
		SolutionGuid = {46261A37-F8EA-4985-8248-D44B6AF923F2}
	EndGlobalSection
EndGlobal
